
Microsoft Visual Studio Solution File, Format Version 12.00
Project("{2150E333-8FDC-42A3-9474-1A3956D46DE8}") = "common", "common", "{EEFD31A8-9BB4-44C7-88AE-E157FB3A2959}"
EndProject
Project("{2150E333-8FDC-42A3-9474-1A3956D46DE8}") = "services", "services", "{D887159D-F7D9-4304-BDED-43FBB3BA8E99}"
EndProject
Project("{2150E333-8FDC-42A3-9474-1A3956D46DE8}") = "identity", "identity", "{4BDA86BD-35E4-462D-980A-E337D206574C}"
EndProject
Project("{FAE04EC0-301F-11D3-BF4B-00C04F79EFBC}") = "Core", "common\Core\Core.csproj", "{FA10E887-A9B2-4B17-AEAE-72F836AC3731}"
EndProject
Project("{FAE04EC0-301F-11D3-BF4B-00C04F79EFBC}") = "Identity", "services\identity\Identity\Identity.csproj", "{BCB9613F-B36A-4B2E-BBE1-54644FBF8E8F}"
EndProject
Project("{FAE04EC0-301F-11D3-BF4B-00C04F79EFBC}") = "Identity.Core", "services\identity\Identity.Core\Identity.Core.csproj", "{CA6F496C-D69B-4F43-92D6-E62D54DDEA2B}"
EndProject
Project("{FAE04EC0-301F-11D3-BF4B-00C04F79EFBC}") = "Identity.Infrastructure", "services\identity\Identity.Infrastructure\Identity.Infrastructure.csproj", "{15B8EAD4-122A-4B35-A0D3-BFDCB9EBA897}"
EndProject
Project("{FAE04EC0-301F-11D3-BF4B-00C04F79EFBC}") = "Infrastructure", "common\Infrastructure\Infrastructure.csproj", "{26664FB6-A019-4022-A8B7-AC61C2731EF8}"
EndProject
Project("{2150E333-8FDC-42A3-9474-1A3956D46DE8}") = "environment", "environment", "{D7BABDC6-66DB-4995-8203-3AAC410DC540}"
	ProjectSection(SolutionItems) = preProject
		..\.github\workflows\dotnet.yml = ..\.github\workflows\dotnet.yml
		..\.gitlab-ci.yml = ..\.gitlab-ci.yml
		..\docker-compose.yml = ..\docker-compose.yml
	EndProjectSection
EndProject
Project("{2150E333-8FDC-42A3-9474-1A3956D46DE8}") = "deploy", "deploy", "{7D3925AC-F5FC-4471-994E-973F5A142D35}"
	ProjectSection(SolutionItems) = preProject
		..\deploy\deployment.yaml = ..\deploy\deployment.yaml
		..\deploy\ingress.yaml = ..\deploy\ingress.yaml
		..\deploy\namespace.yaml = ..\deploy\namespace.yaml
		..\deploy\service.yaml = ..\deploy\service.yaml
	EndProjectSection
EndProject
Global
	GlobalSection(SolutionConfigurationPlatforms) = preSolution
		Debug|Any CPU = Debug|Any CPU
		Release|Any CPU = Release|Any CPU
	EndGlobalSection
	GlobalSection(NestedProjects) = preSolution
		{4BDA86BD-35E4-462D-980A-E337D206574C} = {D887159D-F7D9-4304-BDED-43FBB3BA8E99}
		{FA10E887-A9B2-4B17-AEAE-72F836AC3731} = {EEFD31A8-9BB4-44C7-88AE-E157FB3A2959}
		{BCB9613F-B36A-4B2E-BBE1-54644FBF8E8F} = {4BDA86BD-35E4-462D-980A-E337D206574C}
		{CA6F496C-D69B-4F43-92D6-E62D54DDEA2B} = {4BDA86BD-35E4-462D-980A-E337D206574C}
		{15B8EAD4-122A-4B35-A0D3-BFDCB9EBA897} = {4BDA86BD-35E4-462D-980A-E337D206574C}
		{26664FB6-A019-4022-A8B7-AC61C2731EF8} = {EEFD31A8-9BB4-44C7-88AE-E157FB3A2959}
	EndGlobalSection
	GlobalSection(ProjectConfigurationPlatforms) = postSolution
		{FA10E887-A9B2-4B17-AEAE-72F836AC3731}.Debug|Any CPU.ActiveCfg = Debug|Any CPU
		{FA10E887-A9B2-4B17-AEAE-72F836AC3731}.Debug|Any CPU.Build.0 = Debug|Any CPU
		{FA10E887-A9B2-4B17-AEAE-72F836AC3731}.Release|Any CPU.ActiveCfg = Release|Any CPU
		{FA10E887-A9B2-4B17-AEAE-72F836AC3731}.Release|Any CPU.Build.0 = Release|Any CPU
		{BCB9613F-B36A-4B2E-BBE1-54644FBF8E8F}.Debug|Any CPU.ActiveCfg = Debug|Any CPU
		{BCB9613F-B36A-4B2E-BBE1-54644FBF8E8F}.Debug|Any CPU.Build.0 = Debug|Any CPU
		{BCB9613F-B36A-4B2E-BBE1-54644FBF8E8F}.Release|Any CPU.ActiveCfg = Release|Any CPU
		{BCB9613F-B36A-4B2E-BBE1-54644FBF8E8F}.Release|Any CPU.Build.0 = Release|Any CPU
		{CA6F496C-D69B-4F43-92D6-E62D54DDEA2B}.Debug|Any CPU.ActiveCfg = Debug|Any CPU
		{CA6F496C-D69B-4F43-92D6-E62D54DDEA2B}.Debug|Any CPU.Build.0 = Debug|Any CPU
		{CA6F496C-D69B-4F43-92D6-E62D54DDEA2B}.Release|Any CPU.ActiveCfg = Release|Any CPU
		{CA6F496C-D69B-4F43-92D6-E62D54DDEA2B}.Release|Any CPU.Build.0 = Release|Any CPU
		{15B8EAD4-122A-4B35-A0D3-BFDCB9EBA897}.Debug|Any CPU.ActiveCfg = Debug|Any CPU
		{15B8EAD4-122A-4B35-A0D3-BFDCB9EBA897}.Debug|Any CPU.Build.0 = Debug|Any CPU
		{15B8EAD4-122A-4B35-A0D3-BFDCB9EBA897}.Release|Any CPU.ActiveCfg = Release|Any CPU
		{15B8EAD4-122A-4B35-A0D3-BFDCB9EBA897}.Release|Any CPU.Build.0 = Release|Any CPU
		{26664FB6-A019-4022-A8B7-AC61C2731EF8}.Debug|Any CPU.ActiveCfg = Debug|Any CPU
		{26664FB6-A019-4022-A8B7-AC61C2731EF8}.Debug|Any CPU.Build.0 = Debug|Any CPU
		{26664FB6-A019-4022-A8B7-AC61C2731EF8}.Release|Any CPU.ActiveCfg = Release|Any CPU
		{26664FB6-A019-4022-A8B7-AC61C2731EF8}.Release|Any CPU.Build.0 = Release|Any CPU
	EndGlobalSection
EndGlobal
